
Microsoft Visual Studio Solution File, Format Version 12.00
# Visual Studio Version 17
VisualStudioVersion = 17.12.35506.116 d17.12
MinimumVisualStudioVersion = 10.0.40219.1
Project("{FAE04EC0-301F-11D3-BF4B-00C04F79EFBC}") = "Section8_Constructor_Quiz", "Section8_Constructor_Quiz.csproj", "{287DEF7C-CE52-47D7-BFB4-E7C4E38843F3}"
EndProject
Global
	GlobalSection(SolutionConfigurationPlatforms) = preSolution
		Debug|Any CPU = Debug|Any CPU
		Release|Any CPU = Release|Any CPU
	EndGlobalSection
	GlobalSection(ProjectConfigurationPlatforms) = postSolution
		{287DEF7C-CE52-47D7-BFB4-E7C4E38843F3}.Debug|Any CPU.ActiveCfg = Debug|Any CPU
		{287DEF7C-CE52-47D7-BFB4-E7C4E38843F3}.Debug|Any CPU.Build.0 = Debug|Any CPU
		{287DEF7C-CE52-47D7-BFB4-E7C4E38843F3}.Release|Any CPU.ActiveCfg = Release|Any CPU
		{287DEF7C-CE52-47D7-BFB4-E7C4E38843F3}.Release|Any CPU.Build.0 = Release|Any CPU
	EndGlobalSection
	GlobalSection(SolutionProperties) = preSolution
		HideSolutionNode = FALSE
	EndGlobalSection
EndGlobal
